
Microsoft Visual Studio Solution File, Format Version 12.00
# Visual Studio Version 17
VisualStudioVersion = 17.6.33815.320
MinimumVisualStudioVersion = 10.0.40219.1
Project("{888888A0-9F3D-457C-B088-3A5042F75D52}") = "MINICLIP PROIECT", "MINICLIP PROIECT\MINICLIP PROIECT.pyproj", "{A1761AFA-07B1-4C69-96A4-E176EA30F236}"
EndProject
Global
	GlobalSection(SolutionConfigurationPlatforms) = preSolution
		Debug|Any CPU = Debug|Any CPU
		Release|Any CPU = Release|Any CPU
	EndGlobalSection
	GlobalSection(ProjectConfigurationPlatforms) = postSolution
		{A1761AFA-07B1-4C69-96A4-E176EA30F236}.Debug|Any CPU.ActiveCfg = Debug|Any CPU
		{A1761AFA-07B1-4C69-96A4-E176EA30F236}.Release|Any CPU.ActiveCfg = Release|Any CPU
	EndGlobalSection
	GlobalSection(SolutionProperties) = preSolution
		HideSolutionNode = FALSE
	EndGlobalSection
	GlobalSection(ExtensibilityGlobals) = postSolution
		SolutionGuid = {15CF4CC7-5D47-4ECE-B113-D8B4F49CD155}
	EndGlobalSection
EndGlobal
